
Microsoft Visual Studio Solution File, Format Version 12.00
# Visual Studio Version 16
VisualStudioVersion = 16.0.33328.57
MinimumVisualStudioVersion = 10.0.40219.1
Project("{FAE04EC0-301F-11D3-BF4B-00C04F79EFBC}") = "ClientSide", "ClientSide.csproj", "{5B8DC05C-4A92-4896-A5DC-AC56F9FDC5D0}"
EndProject
Project("{FAE04EC0-301F-11D3-BF4B-00C04F79EFBC}") = "ServerSide", "..\ConsoleApp1\ServerSide.csproj", "{4423D86C-22B2-477E-953C-5ADE1BBB5824}"
EndProject
Global
	GlobalSection(SolutionConfigurationPlatforms) = preSolution
		Debug|Any CPU = Debug|Any CPU
		Release|Any CPU = Release|Any CPU
	EndGlobalSection
	GlobalSection(ProjectConfigurationPlatforms) = postSolution
		{5B8DC05C-4A92-4896-A5DC-AC56F9FDC5D0}.Debug|Any CPU.ActiveCfg = Debug|Any CPU
		{5B8DC05C-4A92-4896-A5DC-AC56F9FDC5D0}.Debug|Any CPU.Build.0 = Debug|Any CPU
		{5B8DC05C-4A92-4896-A5DC-AC56F9FDC5D0}.Release|Any CPU.ActiveCfg = Release|Any CPU
		{5B8DC05C-4A92-4896-A5DC-AC56F9FDC5D0}.Release|Any CPU.Build.0 = Release|Any CPU
		{4423D86C-22B2-477E-953C-5ADE1BBB5824}.Debug|Any CPU.ActiveCfg = Debug|Any CPU
		{4423D86C-22B2-477E-953C-5ADE1BBB5824}.Debug|Any CPU.Build.0 = Debug|Any CPU
		{4423D86C-22B2-477E-953C-5ADE1BBB5824}.Release|Any CPU.ActiveCfg = Release|Any CPU
		{4423D86C-22B2-477E-953C-5ADE1BBB5824}.Release|Any CPU.Build.0 = Release|Any CPU
	EndGlobalSection
	GlobalSection(SolutionProperties) = preSolution
		HideSolutionNode = FALSE
	EndGlobalSection
	GlobalSection(ExtensibilityGlobals) = postSolution
		SolutionGuid = {3E1904C3-455B-4BF0-A3FA-63C4893FCC6F}
	EndGlobalSection
EndGlobal
