
Microsoft Visual Studio Solution File, Format Version 12.00
# Visual Studio Version 16
VisualStudioVersion = 16.0.33328.57
MinimumVisualStudioVersion = 10.0.40219.1
Project("{FAE04EC0-301F-11D3-BF4B-00C04F79EFBC}") = "Weather App", "Weather App.csproj", "{4DFD78FF-7B05-42D6-98CD-D378BF34111C}"
EndProject
Global
	GlobalSection(SolutionConfigurationPlatforms) = preSolution
		Debug|Any CPU = Debug|Any CPU
		Release|Any CPU = Release|Any CPU
	EndGlobalSection
	GlobalSection(ProjectConfigurationPlatforms) = postSolution
		{4DFD78FF-7B05-42D6-98CD-D378BF34111C}.Debug|Any CPU.ActiveCfg = Debug|Any CPU
		{4DFD78FF-7B05-42D6-98CD-D378BF34111C}.Debug|Any CPU.Build.0 = Debug|Any CPU
		{4DFD78FF-7B05-42D6-98CD-D378BF34111C}.Release|Any CPU.ActiveCfg = Release|Any CPU
		{4DFD78FF-7B05-42D6-98CD-D378BF34111C}.Release|Any CPU.Build.0 = Release|Any CPU
	EndGlobalSection
	GlobalSection(SolutionProperties) = preSolution
		HideSolutionNode = FALSE
	EndGlobalSection
	GlobalSection(ExtensibilityGlobals) = postSolution
		SolutionGuid = {5F82BDBF-CEB3-4AA0-80A6-D6CEE65F371B}
	EndGlobalSection
EndGlobal
